
Microsoft Visual Studio Solution File, Format Version 12.00
# Visual Studio Version 17
VisualStudioVersion = 17.4.33110.190
MinimumVisualStudioVersion = 10.0.40219.1
Project("{FAE04EC0-301F-11D3-BF4B-00C04F79EFBC}") = "WorkProcesses", "WorkProcesses\WorkProcesses.csproj", "{CFA264A7-C699-45B0-9DC0-57E00FF245CC}"
EndProject
Global
	GlobalSection(SolutionConfigurationPlatforms) = preSolution
		Debug|Any CPU = Debug|Any CPU
		Release|Any CPU = Release|Any CPU
	EndGlobalSection
	GlobalSection(ProjectConfigurationPlatforms) = postSolution
		{CFA264A7-C699-45B0-9DC0-57E00FF245CC}.Debug|Any CPU.ActiveCfg = Debug|Any CPU
		{CFA264A7-C699-45B0-9DC0-57E00FF245CC}.Debug|Any CPU.Build.0 = Debug|Any CPU
		{CFA264A7-C699-45B0-9DC0-57E00FF245CC}.Release|Any CPU.ActiveCfg = Release|Any CPU
		{CFA264A7-C699-45B0-9DC0-57E00FF245CC}.Release|Any CPU.Build.0 = Release|Any CPU
	EndGlobalSection
	GlobalSection(SolutionProperties) = preSolution
		HideSolutionNode = FALSE
	EndGlobalSection
	GlobalSection(ExtensibilityGlobals) = postSolution
		SolutionGuid = {FB739D32-C920-43A6-83AF-00B4D6EB9370}
	EndGlobalSection
EndGlobal
